<Solution>
  <Folder Name="/src/">
    <Project Path="src/Pulse.Edge.Agent/Pulse.Edge.Agent.csproj" />
    <Project Path="src/Pulse.Edge.Api/Pulse.Edge.Api.csproj" />
    <Project Path="src/Pulse.Edge.Cloud/Pulse.Edge.Cloud.csproj" />
    <Project Path="src/Pulse.Edge.Protocols.MqttProtocol/Pulse.Edge.Protocols.MqttProtocol.csproj" />
    <Project Path="src/Pulse.Edge.Protocols.OpcUa/Pulse.Edge.Protocols.OpcUa.csproj" />
    <Project Path="src/Pulse.Edge.Protocols.Modbus/Pulse.Edge.Protocols.Modbus.csproj" />
    <Project Path="src/Pulse.Edge.Protocols.LibPlcTag/Pulse.Edge.Protocols.LibPlcTag.csproj" />
    <Project Path="src/Pulse.Edge.Protocols.S7Net/Pulse.Edge.Protocols.S7Net.csproj" />
    <Project Path="src/Pulse.Edge.Protocols.RestApi/Pulse.Edge.Protocols.RestApi.csproj" />
    <Project Path="src/Pulse.Edge.Storage/Pulse.Edge.Storage.csproj" />
    <Project Path="src/Pulse.Edge.Tests/Pulse.Edge.Tests.csproj" />
  </Folder>
</Solution>
