{
  "version": 1,
  "dependencies": {
    "net10.0": {
      "libplctag": {
        "type": "Direct",
        "requested": "[1.5.2, )",
        "resolved": "1.5.2",
        "contentHash": "v16WtxKMr6YiPc/ws5C/MdhOvZgLrlDwJ1FQPB4PLrWNpBQXr8fUXaHI12rl3sNyJZ2ocB+zeSPUDFT8zK4pDA==",
        "dependencies": {
          "libplctag.NativeImport": "1.0.41"
        }
      },
      "Microsoft.Extensions.Logging.Abstractions": {
        "type": "Direct",
        "requested": "[10.0.8, )",
        "resolved": "10.0.8",
        "contentHash": "fdVadZmsC8jRP0KvKy8mO8f6GV/HyBvElfcSxEhd+5FM5boAw/01iSaCto5G3G37ApJira4A3pNaVvBv8cUiLQ==",
        "dependencies": {
          "Microsoft.Extensions.DependencyInjection.Abstractions": "10.0.8"
        }
      },
      "libplctag.NativeImport": {
        "type": "Transitive",
        "resolved": "1.0.41",
        "contentHash": "cm7TXwCMg4lALRtP/XJzxI4db9qYcRPB7kglPfDOqiNE1PQ4O/gOC5KPCwoGhIw07FBKvVDnl5sjbXS3iK2tEw=="
      },
      "Microsoft.Extensions.DependencyInjection.Abstractions": {
        "type": "Transitive",
        "resolved": "10.0.8",
        "contentHash": "21nbDV60SRPWGIivsyl6lqBeEJNG1sginhhfWgRrr3Ais7aQ12To25OAHQxgoiJkjqy1aQ6RxpZBGYuTi7Ge6A=="
      }
    }
  }
}