{
  "version": 1,
  "dependencies": {
    "net10.0": {
      "Microsoft.AspNetCore.OpenApi": {
        "type": "Direct",
        "requested": "[10.0.8, )",
        "resolved": "10.0.8",
        "contentHash": "cw24xHE2QaWwyEG9GQwFbjboyabub6Vd80DIItUGENzcQOa/BEnTrXsg2GADqWTmY/3ycqk9ToLGjgvF/VRlGA==",
        "dependencies": {
          "Microsoft.OpenApi": "2.0.0"
        }
      },
      "Microsoft.Extensions.FileProviders.Embedded": {
        "type": "Direct",
        "requested": "[10.0.8, )",
        "resolved": "10.0.8",
        "contentHash": "Wv9s0rmrmUEma268HCqqcHGgJI30O9mqMxnORZ/QFxtbjoTFEuMvnqL2kIfbZcOGD6XF6II47Hc6YSff0jKGkw=="
      },
      "Microsoft.Extensions.Hosting.WindowsServices": {
        "type": "Direct",
        "requested": "[10.0.8, )",
        "resolved": "10.0.8",
        "contentHash": "g2pIa0y5Hx24cGMmYKQ4OghLGZvKS/lwDv9Ntl6a0URvwrtlw6eOIxkXouH0QCST3RSAZ97YW+H2Xtm1hq4weg==",
        "dependencies": {
          "System.ServiceProcess.ServiceController": "10.0.8"
        }
      },
      "Microsoft.OpenApi": {
        "type": "Direct",
        "requested": "[2.7.5, )",
        "resolved": "2.7.5",
        "contentHash": "0FA67RSnRM4tcBKqiqVu/HPdZ9+QOKbmeRjxRUGTCjPU4C0bmUhd97Dso7Yild5P7nOV6GxJ2xrK0Kv/O9xp0w=="
      },
      "Serilog.AspNetCore": {
        "type": "Direct",
        "requested": "[10.0.0, )",
        "resolved": "10.0.0",
        "contentHash": "a/cNa1mY4On1oJlfGG1wAvxjp5g7OEzk/Jf/nm7NF9cWoE7KlZw1GldrifUBWm9oKibHkR7Lg/l5jy3y7ACR8w==",
        "dependencies": {
          "Serilog": "4.3.0",
          "Serilog.Extensions.Hosting": "10.0.0",
          "Serilog.Formatting.Compact": "3.0.0",
          "Serilog.Settings.Configuration": "10.0.0",
          "Serilog.Sinks.Console": "6.1.1",
          "Serilog.Sinks.Debug": "3.0.0",
          "Serilog.Sinks.File": "7.0.0"
        }
      },
      "Serilog.Sinks.File": {
        "type": "Direct",
        "requested": "[7.0.0, )",
        "resolved": "7.0.0",
        "contentHash": "fKL7mXv7qaiNBUC71ssvn/dU0k9t0o45+qm2XgKAlSt19xF+ijjxyA3R6HmCgfKEKwfcfkwWjayuQtRueZFkYw==",
        "dependencies": {
          "Serilog": "4.2.0"
        }
      },
      "BACnet": {
        "type": "Transitive",
        "resolved": "3.0.2",
        "contentHash": "v9LzuZ++X4jZG0WMuofUSnp2fGfos/wjzdmZGc7VLXZnzNg+Jq1qJ4eYEjGtmMr+aNU5qchMcqVj1r7noB0NBw==",
        "dependencies": {
          "Common.Logging": "3.4.1",
          "PacketDotNet": "0.19.3",
          "SharpPcap": "4.5.0",
          "System.IO.Ports": "5.0.1"
        }
      },
      "BitFaster.Caching": {
        "type": "Transitive",
        "resolved": "2.6.0",
        "contentHash": "iF2dMiGpaya8Umwi0OfsGKtq3aMVgHVsBChwQL+NhShEsRorcoTinGf9FFNBnBMwJW2Vm0FqhtOaEBY0+74p6g=="
      },
      "Common.Logging": {
        "type": "Transitive",
        "resolved": "3.4.1",
        "contentHash": "5eZ/vgEOqzLg4PypZqnJ+wMhhgHyckicbZY4iDxqQ4FtOz0CpdYZ0xQ78aszMzeAJZiLLb5VdR9tPfunVQLz6g==",
        "dependencies": {
          "Common.Logging.Core": "3.4.1"
        }
      },
      "Common.Logging.Core": {
        "type": "Transitive",
        "resolved": "3.4.1",
        "contentHash": "wLHldZHvxsSD6Ahonfj00/SkfHfKqO+YT6jsUwVm8Rch1REL9IArHAcSLXxYxYfu5/4ydGtmXvOtaH3AkVPu0A=="
      },
      "FluentModbus": {
        "type": "Transitive",
        "resolved": "5.3.2",
        "contentHash": "uAX793yttHSH5vdbOTg8+QnLDuqWCuuBDbtEBrlXNLNXh+J1AqPo6vxd77OTxInoLayEBvI2k6UaYVeBjROrvg==",
        "dependencies": {
          "System.IO.Ports": "5.0.0"
        }
      },
      "libplctag": {
        "type": "Transitive",
        "resolved": "1.5.2",
        "contentHash": "v16WtxKMr6YiPc/ws5C/MdhOvZgLrlDwJ1FQPB4PLrWNpBQXr8fUXaHI12rl3sNyJZ2ocB+zeSPUDFT8zK4pDA==",
        "dependencies": {
          "libplctag.NativeImport": "1.0.41"
        }
      },
      "libplctag.NativeImport": {
        "type": "Transitive",
        "resolved": "1.0.41",
        "contentHash": "cm7TXwCMg4lALRtP/XJzxI4db9qYcRPB7kglPfDOqiNE1PQ4O/gOC5KPCwoGhIw07FBKvVDnl5sjbXS3iK2tEw=="
      },
      "log4net": {
        "type": "Transitive",
        "resolved": "3.3.1",
        "contentHash": "fgQ8XkqF0r4/CRfAq8xZqlPrG0/9n4rJAa1HlFGQMXtCAxbbLzXyuXCbu65NUbcKzQ9KDYr4239NNqipVRCv6A==",
        "dependencies": {
          "System.Configuration.ConfigurationManager": "4.5.0"
        }
      },
      "Microsoft.Data.Sqlite.Core": {
        "type": "Transitive",
        "resolved": "10.0.8",
        "contentHash": "26t7WDiEjjAls/sFpWvVEFDxt+7Q5VPt6+blU2Lafuj9L8PzAv/GtGV4cqVPtrhWbfD2BX/z2v8hD1qXYtK6Aw==",
        "dependencies": {
          "SQLitePCLRaw.core": "2.1.11"
        }
      },
      "Microsoft.EntityFrameworkCore": {
        "type": "Transitive",
        "resolved": "10.0.8",
        "contentHash": "EJx+fIBMgBlgD+ublKCn+GTOJkw3UqV7xOjYWBRVdUYyIm8UfvAsmSOPFiIInsWTHyMEYUJ9gCJY1jwX+6UB7w==",
        "dependencies": {
          "Microsoft.EntityFrameworkCore.Abstractions": "10.0.8",
          "Microsoft.EntityFrameworkCore.Analyzers": "10.0.8"
        }
      },
      "Microsoft.EntityFrameworkCore.Abstractions": {
        "type": "Transitive",
        "resolved": "10.0.8",
        "contentHash": "jbKDXWPZQhuPHygMnwzNOqxBADVcpRVytcKYZsA++QqhPkpF93Ta8o5mbJQGrARSjlkr9WtOaADV97EDMOZ7DA=="
      },
      "Microsoft.EntityFrameworkCore.Analyzers": {
        "type": "Transitive",
        "resolved": "10.0.8",
        "contentHash": "M3BZ8JH8rB6BE7dO2g9iVbrHLnEz9wMXT6q+tDR6Nq3gyP3KmBj5OTiZGxyF3vesjOQNKanYoPGSNBR4kR2llg=="
      },
      "Microsoft.EntityFrameworkCore.Relational": {
        "type": "Transitive",
        "resolved": "10.0.8",
        "contentHash": "UU3diAD2wwZveye2rnrwaF/wvJ9tm5iL2fuY9TTap6/iGQK1OO29M1BzXZRlRPVH/dByt5w/pISBSFtyR7hTqw==",
        "dependencies": {
          "Microsoft.EntityFrameworkCore": "10.0.8"
        }
      },
      "Microsoft.EntityFrameworkCore.Sqlite": {
        "type": "Transitive",
        "resolved": "10.0.8",
        "contentHash": "8BGSSKBDDBC8s6ye1Y2Ar1BToeZHLHOzUn0nAOng4Z+8dJ4KQKC/1qYFPgRYchDCOMQh98REHco8SrrMYsHuMQ==",
        "dependencies": {
          "Microsoft.EntityFrameworkCore.Sqlite.Core": "10.0.8",
          "Microsoft.Extensions.DependencyModel": "10.0.8",
          "SQLitePCLRaw.bundle_e_sqlite3": "2.1.11",
          "SQLitePCLRaw.core": "2.1.11"
        }
      },
      "Microsoft.EntityFrameworkCore.Sqlite.Core": {
        "type": "Transitive",
        "resolved": "10.0.8",
        "contentHash": "cFRBlY3sCoVX5JFDrRHQQHcbSms7CwBjjeuVEgQ4KP8WzPopgwNk3sJ0k7xKkIl0b9eUFJ0IR0aZwElT9154Ag==",
        "dependencies": {
          "Microsoft.Data.Sqlite.Core": "10.0.8",
          "Microsoft.EntityFrameworkCore.Relational": "10.0.8",
          "Microsoft.Extensions.DependencyModel": "10.0.8",
          "SQLitePCLRaw.core": "2.1.11"
        }
      },
      "Microsoft.Extensions.DependencyModel": {
        "type": "Transitive",
        "resolved": "10.0.8",
        "contentHash": "vLyZVpxmduO2jx+76ggqnsA3m81kwMY3NkWciNTj5E+Nvqb0VihqCvQP89QsGONWp0AJwMZG+u9GzaCjDdFGNw=="
      },
      "MQTTnet": {
        "type": "Transitive",
        "resolved": "5.1.0.1559",
        "contentHash": "9mkk0H+76CToIzp9ru5Uj5BuC3P5hQdkhvXM+CLmmTDdZWqajjICCHuUMbDd1yVBt9BWL77Rvzt0A+/PA4WMCA=="
      },
      "Newtonsoft.Json": {
        "type": "Transitive",
        "resolved": "13.0.4",
        "contentHash": "pdgNNMai3zv51W5aq268sujXUyx7SNdE2bj1wZcWjAQrKMFZV260lbqYop1d2GM67JI1huLRwxo9ZqnfF/lC6A=="
      },
      "OPCFoundation.NetStandard.Opc.Ua.Client": {
        "type": "Transitive",
        "resolved": "1.5.378.145",
        "contentHash": "iw2XUz5Fj6zTPgCtHmw2bBob0fTQAYTmXv8hLTHEz+7/NyNjtgQW3OCsQ+2EMZqLxkv1LU/MHmPCWwvguRqrgA==",
        "dependencies": {
          "BitFaster.Caching": "2.6.0",
          "OPCFoundation.NetStandard.Opc.Ua.Configuration": "1.5.378.145",
          "OPCFoundation.NetStandard.Opc.Ua.Core": "1.5.378.145"
        }
      },
      "OPCFoundation.NetStandard.Opc.Ua.Configuration": {
        "type": "Transitive",
        "resolved": "1.5.378.145",
        "contentHash": "vwikWMdCt0oyMP6LINsfItVZOgCS24wi7sCl+n03JrxwRX1KZGS4EwoCMeqz8oxy1pZkbUr8yD8bPma8emIzbw==",
        "dependencies": {
          "OPCFoundation.NetStandard.Opc.Ua.Core": "1.5.378.145"
        }
      },
      "OPCFoundation.NetStandard.Opc.Ua.Core": {
        "type": "Transitive",
        "resolved": "1.5.378.145",
        "contentHash": "7skS4Uk8UuHAlEq5nxlaP+01K4My5SmTw2CdiqRqi8iKkcDwqKysM1ydVDw8AMnJPlCWr/UV9zvEotX8yH9KAg==",
        "dependencies": {
          "Newtonsoft.Json": "13.0.4",
          "OPCFoundation.NetStandard.Opc.Ua.Security.Certificates": "1.5.378.145",
          "OPCFoundation.NetStandard.Opc.Ua.Types": "1.5.378.145"
        }
      },
      "OPCFoundation.NetStandard.Opc.Ua.Security.Certificates": {
        "type": "Transitive",
        "resolved": "1.5.378.145",
        "contentHash": "FKQkB7CT3AHAzKMuKG1LpgRKnBr+885s2Bk0t7G0K+Xxu5nYrdPODlQmzqkhHHjUvERrKur0aL8zzDnMIzQX7A==",
        "dependencies": {
          "OPCFoundation.NetStandard.Opc.Ua.Types": "1.5.378.145"
        }
      },
      "OPCFoundation.NetStandard.Opc.Ua.Types": {
        "type": "Transitive",
        "resolved": "1.5.378.145",
        "contentHash": "wlTCLEQnvlJHjpV5Bl7a/9gGAKN0lpxkeRaQk5/tQ+Y4Pty7tOQ/0bUGBto70wajxU6TueVHvggK6mb6LrHusA=="
      },
      "PacketDotNet": {
        "type": "Transitive",
        "resolved": "0.19.3",
        "contentHash": "i7phQmaidpAaSA5SPW5g9B4VYxlyZWp0Z+ILvMNGoEzJI8RRQlpXADQNFs++KiYdJd1pxK9luGKepEQU5EC/1w==",
        "dependencies": {
          "log4net": "2.0.8"
        }
      },
      "runtime.android-arm.runtime.native.System.IO.Ports": {
        "type": "Transitive",
        "resolved": "9.0.0",
        "contentHash": "zF8HT4aoFZkWF4OxhFLxUNEfoIjyILg0aQhgIR3m+dbLE4yadMd7kdctMvPhYYaVpnilmBCIjiQsrxH4UC/JxQ=="
      },
      "runtime.android-arm64.runtime.native.System.IO.Ports": {
        "type": "Transitive",
        "resolved": "9.0.0",
        "contentHash": "JVRoxUTXhyFfDak3GLbZh9oPjz+eVJwiZQWOU/TQ1Nj7us11GMc97IBsRzjGDtGJvFOWhGhEkka8SYmVcwpA2A=="
      },
      "runtime.android-x64.runtime.native.System.IO.Ports": {
        "type": "Transitive",
        "resolved": "9.0.0",
        "contentHash": "QMWQv8nptbkzEDPUOmVwo3l/ve1pgApqv/eGY/eIJoNCGxUP6MYUu/GHdznRaBlSkuRyhFN8osVyqZMFKlBA7g=="
      },
      "runtime.android-x86.runtime.native.System.IO.Ports": {
        "type": "Transitive",
        "resolved": "9.0.0",
        "contentHash": "NRuTmUukSfpbv1wdJJXvWE/v1+aRHw5OxEODGeyKuFGy09uZIfFsdU1SPXB1cGPHsUaZRhZfOVel30zEgRQiUw=="
      },
      "runtime.linux-arm.runtime.native.System.IO.Ports": {
        "type": "Transitive",
        "resolved": "9.0.0",
        "contentHash": "l5/3/3LfkemzovK66DrxsbGXRXIgmHaqYaYdhFR09lawWbPHhq4HJ0u2FzO+/neidm8bJtJAV6+iixMDuYIBgg=="
      },
      "runtime.linux-arm64.runtime.native.System.IO.Ports": {
        "type": "Transitive",
        "resolved": "9.0.0",
        "contentHash": "q69FDpp5XSq3lJUMyMpUXBXTh6ekNM1NCnM5aYYiIx4AY1cH/rgLSwR4n2wQJqC6yuL0Z/epSf3KoYLYT8++Yg=="
      },
      "runtime.linux-bionic-arm64.runtime.native.System.IO.Ports": {
        "type": "Transitive",
        "resolved": "9.0.0",
        "contentHash": "kAOBq4UnR0B2UirRxLsPx4BIzt61Ydw40FFCe9NcFSncV6q+ikuhgN6eOrcaOcSu5QUiXacQRgFUX1Pux6ckYg=="
      },
      "runtime.linux-bionic-x64.runtime.native.System.IO.Ports": {
        "type": "Transitive",
        "resolved": "9.0.0",
        "contentHash": "yCpRhte4+7C6ULKGA4qLaXGjQJwoygqyzgUN9u2tkfyGkwBUS66SRr6nNx522+4ATI8ZFkgIIZIkTczY77rcZw=="
      },
      "runtime.linux-musl-arm.runtime.native.System.IO.Ports": {
        "type": "Transitive",
        "resolved": "9.0.0",
        "contentHash": "isaMOGqA4iIklwMt6wYTuPqj83D8DDUA2wainLqPjXaQ1Ri+5K8A+4J0BonjA/HMWtywBKnt2WGUXZ3DQN18ZA=="
      },
      "runtime.linux-musl-arm64.runtime.native.System.IO.Ports": {
        "type": "Transitive",
        "resolved": "9.0.0",
        "contentHash": "yWsWQTf7r1aigde6EeoHzHhldoBw6fJ8AHR2ow4kobNuaS9Z/9rvLUFsGkAAY8GMUZadF5S1OGUsIzUd17RZBg=="
      },
      "runtime.linux-musl-x64.runtime.native.System.IO.Ports": {
        "type": "Transitive",
        "resolved": "9.0.0",
        "contentHash": "NxST2ZRBRGBjHWUnQwOYoyqFWHH4UcjAeTyjviSTOdwjSqq1JuGdp4sLzPzGDLiu4R7Per3QQ1GxYoLgAlIbOA=="
      },
      "runtime.linux-x64.runtime.native.System.IO.Ports": {
        "type": "Transitive",
        "resolved": "9.0.0",
        "contentHash": "4bmb9oP1DIu2ArJ2MH2sNGbO5V3VrZ0+8lotr3cQ2G5hh66+0yHiYkwvlwP7gkSOsZPhANeX3cicqHYaDsroQA=="
      },
      "runtime.maccatalyst-arm64.runtime.native.System.IO.Ports": {
        "type": "Transitive",
        "resolved": "9.0.0",
        "contentHash": "k+VeOPbIx9A1/bmiw5pGBsuALGTA4UoC6SsGhcIMLyS6TMFgsjsOH1bAgim+/W1RdtR7dpPCWHNYhkrM8hXByA=="
      },
      "runtime.maccatalyst-x64.runtime.native.System.IO.Ports": {
        "type": "Transitive",
        "resolved": "9.0.0",
        "contentHash": "k1WC+Y7ht+7Omq5iW1v2Yz5CpaGGlLvlNsGS8cDAG0IN3sXUrPyUkC/40/zTL8g8/c3UFjrW0igXcwKNYa+ZuA=="
      },
      "runtime.native.System.IO.Ports": {
        "type": "Transitive",
        "resolved": "9.0.0",
        "contentHash": "iWyR+xohLUht80x5MREqF7zYD0KqyVpoS9uTg9raG0ddx5pvJkCPC4eS2JdkRYY6AqPjfMiiOEZ02ZWHEBgOvg==",
        "dependencies": {
          "runtime.android-arm.runtime.native.System.IO.Ports": "9.0.0",
          "runtime.android-arm64.runtime.native.System.IO.Ports": "9.0.0",
          "runtime.android-x64.runtime.native.System.IO.Ports": "9.0.0",
          "runtime.android-x86.runtime.native.System.IO.Ports": "9.0.0",
          "runtime.linux-arm.runtime.native.System.IO.Ports": "9.0.0",
          "runtime.linux-arm64.runtime.native.System.IO.Ports": "9.0.0",
          "runtime.linux-bionic-arm64.runtime.native.System.IO.Ports": "9.0.0",
          "runtime.linux-bionic-x64.runtime.native.System.IO.Ports": "9.0.0",
          "runtime.linux-musl-arm.runtime.native.System.IO.Ports": "9.0.0",
          "runtime.linux-musl-arm64.runtime.native.System.IO.Ports": "9.0.0",
          "runtime.linux-musl-x64.runtime.native.System.IO.Ports": "9.0.0",
          "runtime.linux-x64.runtime.native.System.IO.Ports": "9.0.0",
          "runtime.maccatalyst-arm64.runtime.native.System.IO.Ports": "9.0.0",
          "runtime.maccatalyst-x64.runtime.native.System.IO.Ports": "9.0.0",
          "runtime.osx-arm64.runtime.native.System.IO.Ports": "9.0.0",
          "runtime.osx-x64.runtime.native.System.IO.Ports": "9.0.0"
        }
      },
      "runtime.osx-arm64.runtime.native.System.IO.Ports": {
        "type": "Transitive",
        "resolved": "9.0.0",
        "contentHash": "ebr6uFzuICKkw9YePnCo7CdZFKYYhJZOJDJhACAKyzbT5WFvJWMyeACJIWS0uqndGMgWSc+D+UDdBu6CEpUOSg=="
      },
      "runtime.osx-x64.runtime.native.System.IO.Ports": {
        "type": "Transitive",
        "resolved": "9.0.0",
        "contentHash": "66DA4FKnfIdrkyd8Kqym06s+F/U5/7TZdkV1DllGivUNUGkC8TG5W/3D4rhLoGQRjg0uurkPWqrQXWfPEghRpQ=="
      },
      "S7netplus": {
        "type": "Transitive",
        "resolved": "0.20.0",
        "contentHash": "XAubZ076bhWHQZlnBkzwQO4WxqF5ofwhrkDxfBhGbeD1JC1jBDn3EbWIqMLW6+G0RsxzxirSjLERCQZPfjwGdw=="
      },
      "Serilog": {
        "type": "Transitive",
        "resolved": "4.3.0",
        "contentHash": "+cDryFR0GRhsGOnZSKwaDzRRl4MupvJ42FhCE4zhQRVanX0Jpg6WuCBk59OVhVDPmab1bB+nRykAnykYELA9qQ=="
      },
      "Serilog.Extensions.Hosting": {
        "type": "Transitive",
        "resolved": "10.0.0",
        "contentHash": "E7juuIc+gzoGxgzFooFgAV8g9BfiSXNKsUok9NmEpyAXg2odkcPsMa/Yo4axkJRlh0se7mkYQ1GXDaBemR+b6w==",
        "dependencies": {
          "Serilog": "4.3.0",
          "Serilog.Extensions.Logging": "10.0.0"
        }
      },
      "Serilog.Extensions.Logging": {
        "type": "Transitive",
        "resolved": "10.0.0",
        "contentHash": "vx0kABKl2dWbBhhqAfTOk53/i8aV/5VaT3a6il9gn72Wqs2pM7EK2OB6No6xdqK2IaY6Zf9gdjLuK9BVa2rT+Q==",
        "dependencies": {
          "Serilog": "4.2.0"
        }
      },
      "Serilog.Formatting.Compact": {
        "type": "Transitive",
        "resolved": "3.0.0",
        "contentHash": "wQsv14w9cqlfB5FX2MZpNsTawckN4a8dryuNGbebB/3Nh1pXnROHZov3swtu3Nj5oNG7Ba+xdu7Et/ulAUPanQ==",
        "dependencies": {
          "Serilog": "4.0.0"
        }
      },
      "Serilog.Settings.Configuration": {
        "type": "Transitive",
        "resolved": "10.0.0",
        "contentHash": "LNq+ibS1sbhTqPV1FIE69/9AJJbfaOhnaqkzcjFy95o+4U+STsta9mi97f1smgXsWYKICDeGUf8xUGzd/52/uA==",
        "dependencies": {
          "Microsoft.Extensions.DependencyModel": "10.0.0",
          "Serilog": "4.3.0"
        }
      },
      "Serilog.Sinks.Console": {
        "type": "Transitive",
        "resolved": "6.1.1",
        "contentHash": "8jbqgjUyZlfCuSTaJk6lOca465OndqOz3KZP6Cryt/IqZYybyBu7GP0fE/AXBzrrQB3EBmQntBFAvMVz1COvAA==",
        "dependencies": {
          "Serilog": "4.0.0"
        }
      },
      "Serilog.Sinks.Debug": {
        "type": "Transitive",
        "resolved": "3.0.0",
        "contentHash": "4BzXcdrgRX7wde9PmHuYd9U6YqycCC28hhpKonK7hx0wb19eiuRj16fPcPSVp0o/Y1ipJuNLYQ00R3q2Zs8FDA==",
        "dependencies": {
          "Serilog": "4.0.0"
        }
      },
      "SharpPcap": {
        "type": "Transitive",
        "resolved": "4.5.0",
        "contentHash": "z8Wa5XBwmygHSgUgSZEMlVXu1pNIo1qiYhYJfHdYcaEbAl6r46VzXMHsIQKhcbBADe/hT3BRA4FwF8i9qIzu5g==",
        "dependencies": {
          "PacketDotNet": "0.16.0"
        }
      },
      "SQLitePCLRaw.bundle_e_sqlite3": {
        "type": "Transitive",
        "resolved": "2.1.11",
        "contentHash": "DC4nA7yWnf4UZdgJDF+9Mus4/cb0Y3Sfgi3gDnAoKNAIBwzkskNAbNbyu+u4atT0ruVlZNJfwZmwiEwE5oz9LQ==",
        "dependencies": {
          "SQLitePCLRaw.lib.e_sqlite3": "2.1.11",
          "SQLitePCLRaw.provider.e_sqlite3": "2.1.11"
        }
      },
      "SQLitePCLRaw.core": {
        "type": "Transitive",
        "resolved": "2.1.11",
        "contentHash": "PK0GLFkfhZzLQeR3PJf71FmhtHox+U3vcY6ZtswoMjrefkB9k6ErNJEnwXqc5KgXDSjige2XXrezqS39gkpQKA=="
      },
      "SQLitePCLRaw.lib.e_sqlite3": {
        "type": "Transitive",
        "resolved": "3.53.3",
        "contentHash": "ZXiSbBkrlw2Of/dBqny/qtQol7dlThrUD8zH/jkQicCFm2yn2BbhKsQW0+YHAzhANWz4ZJCz7gvo88BwluVhkA=="
      },
      "SQLitePCLRaw.provider.e_sqlite3": {
        "type": "Transitive",
        "resolved": "2.1.11",
        "contentHash": "Y/0ZkR+r0Cg3DQFuCl1RBnv/tmxpIZRU3HUvelPw6MVaKHwYYR8YNvgs0vuNuXCMvlyJ+Fh88U1D4tah1tt6qw==",
        "dependencies": {
          "SQLitePCLRaw.core": "2.1.11"
        }
      },
      "System.Configuration.ConfigurationManager": {
        "type": "Transitive",
        "resolved": "4.5.0",
        "contentHash": "UIFvaFfuKhLr9u5tWMxmVoDPkFeD+Qv8gUuap4aZgVGYSYMdERck4OhLN/2gulAc0nYTEigWXSJNNWshrmxnng==",
        "dependencies": {
          "System.Security.Cryptography.ProtectedData": "4.5.0",
          "System.Security.Permissions": "4.5.0"
        }
      },
      "System.IO.Ports": {
        "type": "Transitive",
        "resolved": "9.0.0",
        "contentHash": "NfEWew48r4MxHUnOQL7nw/5JBsz9dli8TJYpXjsAQu8tHH0QCq2ly4QMCc8wS9EAi1jvaFgq7ELdfwxvrKWALQ==",
        "dependencies": {
          "runtime.native.System.IO.Ports": "9.0.0"
        }
      },
      "System.Security.Cryptography.ProtectedData": {
        "type": "Transitive",
        "resolved": "4.5.0",
        "contentHash": "wLBKzFnDCxP12VL9ANydSYhk59fC4cvOr9ypYQLPnAj48NQIhqnjdD2yhP8yEKyBJEjERWS9DisKL7rX5eU25Q=="
      },
      "System.Security.Permissions": {
        "type": "Transitive",
        "resolved": "4.5.0",
        "contentHash": "9gdyuARhUR7H+p5CjyUB/zPk7/Xut3wUSP8NJQB6iZr8L3XUXTMdoLeVAg9N4rqF8oIpE7MpdqHdDHQ7XgJe0g=="
      },
      "System.ServiceProcess.ServiceController": {
        "type": "Transitive",
        "resolved": "10.0.8",
        "contentHash": "/uCAiixsCUMBsxB7JTjE13RHvDJLq+BVL2toA+ItMMgJ6O07CtljbCoQF2RZ/9jO1RgC35FTGnQo5IAecE4JuQ=="
      },
      "pulse.edge.agent": {
        "type": "Project",
        "dependencies": {
          "Pulse.Edge.Cloud": "[1.0.0, )",
          "Pulse.Edge.Protocols.Bacnet": "[1.0.0, )",
          "Pulse.Edge.Protocols.LibPlcTag": "[1.0.0, )",
          "Pulse.Edge.Protocols.Modbus": "[1.0.0, )",
          "Pulse.Edge.Protocols.MqttProtocol": "[1.0.0, )",
          "Pulse.Edge.Protocols.OpcUa": "[1.0.0, )",
          "Pulse.Edge.Protocols.RestApi": "[1.0.0, )",
          "Pulse.Edge.Protocols.S7Net": "[1.0.0, )",
          "Pulse.Edge.Storage": "[1.0.0, )",
          "Serilog.Extensions.Hosting": "[10.0.0, )",
          "Serilog.Sinks.File": "[7.0.0, )"
        }
      },
      "pulse.edge.cloud": {
        "type": "Project",
        "dependencies": {
          "Pulse.Edge.Storage": "[1.0.0, )"
        }
      },
      "pulse.edge.protocols.bacnet": {
        "type": "Project",
        "dependencies": {
          "BACnet": "[3.0.2, )",
          "log4net": "[3.3.1, )"
        }
      },
      "pulse.edge.protocols.libplctag": {
        "type": "Project",
        "dependencies": {
          "libplctag": "[1.5.2, )"
        }
      },
      "pulse.edge.protocols.modbus": {
        "type": "Project",
        "dependencies": {
          "FluentModbus": "[5.3.2, )",
          "System.IO.Ports": "[9.0.0, )"
        }
      },
      "pulse.edge.protocols.mqttprotocol": {
        "type": "Project",
        "dependencies": {
          "MQTTnet": "[5.1.0.1559, )"
        }
      },
      "pulse.edge.protocols.opcua": {
        "type": "Project",
        "dependencies": {
          "OPCFoundation.NetStandard.Opc.Ua.Client": "[1.5.378.145, )"
        }
      },
      "pulse.edge.protocols.restapi": {
        "type": "Project"
      },
      "pulse.edge.protocols.s7net": {
        "type": "Project",
        "dependencies": {
          "S7netplus": "[0.20.0, )"
        }
      },
      "pulse.edge.storage": {
        "type": "Project",
        "dependencies": {
          "Microsoft.EntityFrameworkCore.Sqlite": "[10.0.8, )",
          "SQLitePCLRaw.lib.e_sqlite3": "[3.53.3, )"
        }
      }
    }
  }
}